
Microsoft Visual Studio Solution File, Format Version 11.00
# Visual Studio 2010
Project("{FAE04EC0-301F-11D3-BF4B-00C04F79EFBC}") = "ePOS", "ePOS\ePOS.csproj", "{B0DC990F-BBD7-4207-8940-59986263E293}"
EndProject
Project("{FAE04EC0-301F-11D3-BF4B-00C04F79EFBC}") = "BackOffice", "BackOffice\BackOffice.csproj", "{F2011A91-DF1E-4FA2-9377-4B1568A6A399}"
EndProject
Project("{FAE04EC0-301F-11D3-BF4B-00C04F79EFBC}") = "Keypad", "Keypad\Keypad.csproj", "{C12C8CCC-EBF1-4549-B328-207CFD9DB68A}"
EndProject
Project("{FAE04EC0-301F-11D3-BF4B-00C04F79EFBC}") = "ePOSClass", "ePOSClass\ePOSClass.csproj", "{EB2700B3-F382-4D60-ABE6-EC18EA2321DB}"
EndProject
Global
	GlobalSection(SolutionConfigurationPlatforms) = preSolution
		Debug|Any CPU = Debug|Any CPU
		Release|Any CPU = Release|Any CPU
	EndGlobalSection
	GlobalSection(ProjectConfigurationPlatforms) = postSolution
		{B0DC990F-BBD7-4207-8940-59986263E293}.Debug|Any CPU.ActiveCfg = Debug|Any CPU
		{B0DC990F-BBD7-4207-8940-59986263E293}.Debug|Any CPU.Build.0 = Debug|Any CPU
		{B0DC990F-BBD7-4207-8940-59986263E293}.Release|Any CPU.ActiveCfg = Release|Any CPU
		{B0DC990F-BBD7-4207-8940-59986263E293}.Release|Any CPU.Build.0 = Release|Any CPU
		{F2011A91-DF1E-4FA2-9377-4B1568A6A399}.Debug|Any CPU.ActiveCfg = Debug|Any CPU
		{F2011A91-DF1E-4FA2-9377-4B1568A6A399}.Debug|Any CPU.Build.0 = Debug|Any CPU
		{F2011A91-DF1E-4FA2-9377-4B1568A6A399}.Release|Any CPU.ActiveCfg = Release|Any CPU
		{F2011A91-DF1E-4FA2-9377-4B1568A6A399}.Release|Any CPU.Build.0 = Release|Any CPU
		{C12C8CCC-EBF1-4549-B328-207CFD9DB68A}.Debug|Any CPU.ActiveCfg = Debug|Any CPU
		{C12C8CCC-EBF1-4549-B328-207CFD9DB68A}.Debug|Any CPU.Build.0 = Debug|Any CPU
		{C12C8CCC-EBF1-4549-B328-207CFD9DB68A}.Release|Any CPU.ActiveCfg = Release|Any CPU
		{C12C8CCC-EBF1-4549-B328-207CFD9DB68A}.Release|Any CPU.Build.0 = Release|Any CPU
		{EB2700B3-F382-4D60-ABE6-EC18EA2321DB}.Debug|Any CPU.ActiveCfg = Debug|Any CPU
		{EB2700B3-F382-4D60-ABE6-EC18EA2321DB}.Debug|Any CPU.Build.0 = Debug|Any CPU
		{EB2700B3-F382-4D60-ABE6-EC18EA2321DB}.Release|Any CPU.ActiveCfg = Release|Any CPU
		{EB2700B3-F382-4D60-ABE6-EC18EA2321DB}.Release|Any CPU.Build.0 = Release|Any CPU
	EndGlobalSection
	GlobalSection(SolutionProperties) = preSolution
		HideSolutionNode = FALSE
	EndGlobalSection
EndGlobal
